
Microsoft Visual Studio Solution File, Format Version 12.00
# Visual Studio Version 17
VisualStudioVersion = 17.1.32421.90
MinimumVisualStudioVersion = 10.0.40219.1
Project("{FAE04EC0-301F-11D3-BF4B-00C04F79EFBC}") = "BionlukAPI", "BionlukAPI\BionlukAPI.csproj", "{95F52126-609F-4783-9F7E-8703F8063147}"
EndProject
Project("{FAE04EC0-301F-11D3-BF4B-00C04F79EFBC}") = "Bionluk.Entities", "Bionluk.Entities\Bionluk.Entities.csproj", "{6B6D3290-7629-48D9-B2ED-C926143C03D3}"
EndProject
Project("{FAE04EC0-301F-11D3-BF4B-00C04F79EFBC}") = "Bionluk.Business", "BionlukBusiness\Bionluk.Business.csproj", "{87742D17-209E-4E50-91B0-2187DFC1662A}"
EndProject
Project("{FAE04EC0-301F-11D3-BF4B-00C04F79EFBC}") = "Bionluk.DataAccess", "Bionluk.DataAccess\Bionluk.DataAccess.csproj", "{9E290FE9-F581-426C-ACAC-768CBF33F6A3}"
EndProject
Project("{FAE04EC0-301F-11D3-BF4B-00C04F79EFBC}") = "Bionluk.DataTransferObjects", "DataTransferObjects\Bionluk.DataTransferObjects.csproj", "{AA673E41-C214-4D91-8B58-E5535C6D28FF}"
EndProject
Global
	GlobalSection(SolutionConfigurationPlatforms) = preSolution
		Debug|Any CPU = Debug|Any CPU
		Release|Any CPU = Release|Any CPU
	EndGlobalSection
	GlobalSection(ProjectConfigurationPlatforms) = postSolution
		{95F52126-609F-4783-9F7E-8703F8063147}.Debug|Any CPU.ActiveCfg = Debug|Any CPU
		{95F52126-609F-4783-9F7E-8703F8063147}.Debug|Any CPU.Build.0 = Debug|Any CPU
		{95F52126-609F-4783-9F7E-8703F8063147}.Release|Any CPU.ActiveCfg = Release|Any CPU
		{95F52126-609F-4783-9F7E-8703F8063147}.Release|Any CPU.Build.0 = Release|Any CPU
		{6B6D3290-7629-48D9-B2ED-C926143C03D3}.Debug|Any CPU.ActiveCfg = Debug|Any CPU
		{6B6D3290-7629-48D9-B2ED-C926143C03D3}.Debug|Any CPU.Build.0 = Debug|Any CPU
		{6B6D3290-7629-48D9-B2ED-C926143C03D3}.Release|Any CPU.ActiveCfg = Release|Any CPU
		{6B6D3290-7629-48D9-B2ED-C926143C03D3}.Release|Any CPU.Build.0 = Release|Any CPU
		{87742D17-209E-4E50-91B0-2187DFC1662A}.Debug|Any CPU.ActiveCfg = Debug|Any CPU
		{87742D17-209E-4E50-91B0-2187DFC1662A}.Debug|Any CPU.Build.0 = Debug|Any CPU
		{87742D17-209E-4E50-91B0-2187DFC1662A}.Release|Any CPU.ActiveCfg = Release|Any CPU
		{87742D17-209E-4E50-91B0-2187DFC1662A}.Release|Any CPU.Build.0 = Release|Any CPU
		{9E290FE9-F581-426C-ACAC-768CBF33F6A3}.Debug|Any CPU.ActiveCfg = Debug|Any CPU
		{9E290FE9-F581-426C-ACAC-768CBF33F6A3}.Debug|Any CPU.Build.0 = Debug|Any CPU
		{9E290FE9-F581-426C-ACAC-768CBF33F6A3}.Release|Any CPU.ActiveCfg = Release|Any CPU
		{9E290FE9-F581-426C-ACAC-768CBF33F6A3}.Release|Any CPU.Build.0 = Release|Any CPU
		{AA673E41-C214-4D91-8B58-E5535C6D28FF}.Debug|Any CPU.ActiveCfg = Debug|Any CPU
		{AA673E41-C214-4D91-8B58-E5535C6D28FF}.Debug|Any CPU.Build.0 = Debug|Any CPU
		{AA673E41-C214-4D91-8B58-E5535C6D28FF}.Release|Any CPU.ActiveCfg = Release|Any CPU
		{AA673E41-C214-4D91-8B58-E5535C6D28FF}.Release|Any CPU.Build.0 = Release|Any CPU
	EndGlobalSection
	GlobalSection(SolutionProperties) = preSolution
		HideSolutionNode = FALSE
	EndGlobalSection
	GlobalSection(ExtensibilityGlobals) = postSolution
		SolutionGuid = {4D16C287-07E1-4C8E-8A41-7524EC70F87D}
	EndGlobalSection
EndGlobal
