
Microsoft Visual Studio Solution File, Format Version 12.00
# Visual Studio Version 16
VisualStudioVersion = 16.0.32413.511
MinimumVisualStudioVersion = 10.0.40219.1
Project("{FAE04EC0-301F-11D3-BF4B-00C04F79EFBC}") = "usingDelegate", "usingDelegate\usingDelegate.csproj", "{8A3052B6-A215-4F09-8EF4-B06B634D2DEA}"
EndProject
Global
	GlobalSection(SolutionConfigurationPlatforms) = preSolution
		Debug|Any CPU = Debug|Any CPU
		Release|Any CPU = Release|Any CPU
	EndGlobalSection
	GlobalSection(ProjectConfigurationPlatforms) = postSolution
		{8A3052B6-A215-4F09-8EF4-B06B634D2DEA}.Debug|Any CPU.ActiveCfg = Debug|Any CPU
		{8A3052B6-A215-4F09-8EF4-B06B634D2DEA}.Debug|Any CPU.Build.0 = Debug|Any CPU
		{8A3052B6-A215-4F09-8EF4-B06B634D2DEA}.Release|Any CPU.ActiveCfg = Release|Any CPU
		{8A3052B6-A215-4F09-8EF4-B06B634D2DEA}.Release|Any CPU.Build.0 = Release|Any CPU
	EndGlobalSection
	GlobalSection(SolutionProperties) = preSolution
		HideSolutionNode = FALSE
	EndGlobalSection
	GlobalSection(ExtensibilityGlobals) = postSolution
		SolutionGuid = {0959D712-CC35-4232-9048-639F6A94FA3D}
	EndGlobalSection
EndGlobal
