
Microsoft Visual Studio Solution File, Format Version 12.00
# Visual Studio Version 16
VisualStudioVersion = 16.0.31410.357
MinimumVisualStudioVersion = 10.0.40219.1
Project("{FAE04EC0-301F-11D3-BF4B-00C04F79EFBC}") = "PrimeNumbers", "PrimeNumbers\PrimeNumbers.csproj", "{38B6C336-C2F0-4AFC-A7BF-FB168020C08B}"
EndProject
Global
	GlobalSection(SolutionConfigurationPlatforms) = preSolution
		Debug|Any CPU = Debug|Any CPU
		Release|Any CPU = Release|Any CPU
	EndGlobalSection
	GlobalSection(ProjectConfigurationPlatforms) = postSolution
		{38B6C336-C2F0-4AFC-A7BF-FB168020C08B}.Debug|Any CPU.ActiveCfg = Debug|Any CPU
		{38B6C336-C2F0-4AFC-A7BF-FB168020C08B}.Debug|Any CPU.Build.0 = Debug|Any CPU
		{38B6C336-C2F0-4AFC-A7BF-FB168020C08B}.Release|Any CPU.ActiveCfg = Release|Any CPU
		{38B6C336-C2F0-4AFC-A7BF-FB168020C08B}.Release|Any CPU.Build.0 = Release|Any CPU
	EndGlobalSection
	GlobalSection(SolutionProperties) = preSolution
		HideSolutionNode = FALSE
	EndGlobalSection
	GlobalSection(ExtensibilityGlobals) = postSolution
		SolutionGuid = {461C26B6-161D-4019-A6AF-27A52C4C5031}
	EndGlobalSection
EndGlobal
