
Microsoft Visual Studio Solution File, Format Version 12.00
# Visual Studio Version 17
VisualStudioVersion = 17.1.32421.90
MinimumVisualStudioVersion = 10.0.40219.1
Project("{9A19103F-16F7-4668-BE54-9A1E7A4F7556}") = "Catalog.API", "Catalog.API\Catalog.API.csproj", "{96CD9B0A-7820-41E7-B8DB-134C0289EF14}"
EndProject
Project("{9A19103F-16F7-4668-BE54-9A1E7A4F7556}") = "Catalog.Entities", "Catalog.Entities\Catalog.Entities.csproj", "{E1A88C24-8D0B-4937-8AC9-44851CE7C43A}"
EndProject
Project("{9A19103F-16F7-4668-BE54-9A1E7A4F7556}") = "Catalog.Business", "CatalogBusiness\Catalog.Business.csproj", "{35BA804D-8B1F-4FCF-8A24-5F95E5818D6A}"
EndProject
Project("{9A19103F-16F7-4668-BE54-9A1E7A4F7556}") = "Catalog.DataAccess", "Catalog.DataAccess\Catalog.DataAccess.csproj", "{1E0C34D3-1342-479E-A17A-2412E2A7C885}"
EndProject
Project("{FAE04EC0-301F-11D3-BF4B-00C04F79EFBC}") = "Catalog.DataTransferObjects", "Catalog.DataTransferObjects\Catalog.DataTransferObjects.csproj", "{2689D9F7-0900-4B85-BDE7-7EC37D89E32B}"
EndProject
Global
	GlobalSection(SolutionConfigurationPlatforms) = preSolution
		Debug|Any CPU = Debug|Any CPU
		Release|Any CPU = Release|Any CPU
	EndGlobalSection
	GlobalSection(ProjectConfigurationPlatforms) = postSolution
		{96CD9B0A-7820-41E7-B8DB-134C0289EF14}.Debug|Any CPU.ActiveCfg = Debug|Any CPU
		{96CD9B0A-7820-41E7-B8DB-134C0289EF14}.Debug|Any CPU.Build.0 = Debug|Any CPU
		{96CD9B0A-7820-41E7-B8DB-134C0289EF14}.Release|Any CPU.ActiveCfg = Release|Any CPU
		{96CD9B0A-7820-41E7-B8DB-134C0289EF14}.Release|Any CPU.Build.0 = Release|Any CPU
		{E1A88C24-8D0B-4937-8AC9-44851CE7C43A}.Debug|Any CPU.ActiveCfg = Debug|Any CPU
		{E1A88C24-8D0B-4937-8AC9-44851CE7C43A}.Debug|Any CPU.Build.0 = Debug|Any CPU
		{E1A88C24-8D0B-4937-8AC9-44851CE7C43A}.Release|Any CPU.ActiveCfg = Release|Any CPU
		{E1A88C24-8D0B-4937-8AC9-44851CE7C43A}.Release|Any CPU.Build.0 = Release|Any CPU
		{35BA804D-8B1F-4FCF-8A24-5F95E5818D6A}.Debug|Any CPU.ActiveCfg = Debug|Any CPU
		{35BA804D-8B1F-4FCF-8A24-5F95E5818D6A}.Debug|Any CPU.Build.0 = Debug|Any CPU
		{35BA804D-8B1F-4FCF-8A24-5F95E5818D6A}.Release|Any CPU.ActiveCfg = Release|Any CPU
		{35BA804D-8B1F-4FCF-8A24-5F95E5818D6A}.Release|Any CPU.Build.0 = Release|Any CPU
		{1E0C34D3-1342-479E-A17A-2412E2A7C885}.Debug|Any CPU.ActiveCfg = Debug|Any CPU
		{1E0C34D3-1342-479E-A17A-2412E2A7C885}.Debug|Any CPU.Build.0 = Debug|Any CPU
		{1E0C34D3-1342-479E-A17A-2412E2A7C885}.Release|Any CPU.ActiveCfg = Release|Any CPU
		{1E0C34D3-1342-479E-A17A-2412E2A7C885}.Release|Any CPU.Build.0 = Release|Any CPU
		{2689D9F7-0900-4B85-BDE7-7EC37D89E32B}.Debug|Any CPU.ActiveCfg = Debug|Any CPU
		{2689D9F7-0900-4B85-BDE7-7EC37D89E32B}.Debug|Any CPU.Build.0 = Debug|Any CPU
		{2689D9F7-0900-4B85-BDE7-7EC37D89E32B}.Release|Any CPU.ActiveCfg = Release|Any CPU
		{2689D9F7-0900-4B85-BDE7-7EC37D89E32B}.Release|Any CPU.Build.0 = Release|Any CPU
	EndGlobalSection
	GlobalSection(SolutionProperties) = preSolution
		HideSolutionNode = FALSE
	EndGlobalSection
	GlobalSection(ExtensibilityGlobals) = postSolution
		SolutionGuid = {970E458D-8EF1-424D-94F6-AF1DAD5CB022}
	EndGlobalSection
EndGlobal
